
Microsoft Visual Studio Solution File, Format Version 12.00
# Visual Studio Version 16
VisualStudioVersion = 16.0.30225.117
MinimumVisualStudioVersion = 10.0.40219.1
Project("{FAE04EC0-301F-11D3-BF4B-00C04F79EFBC}") = "AutoMappingApp", "AutoMappingApp\AutoMappingApp.csproj", "{BC5771D3-DD83-4A3B-B845-6AFD21B69951}"
EndProject
Global
	GlobalSection(SolutionConfigurationPlatforms) = preSolution
		Debug|Any CPU = Debug|Any CPU
		Release|Any CPU = Release|Any CPU
	EndGlobalSection
	GlobalSection(ProjectConfigurationPlatforms) = postSolution
		{BC5771D3-DD83-4A3B-B845-6AFD21B69951}.Debug|Any CPU.ActiveCfg = Debug|Any CPU
		{BC5771D3-DD83-4A3B-B845-6AFD21B69951}.Debug|Any CPU.Build.0 = Debug|Any CPU
		{BC5771D3-DD83-4A3B-B845-6AFD21B69951}.Release|Any CPU.ActiveCfg = Release|Any CPU
		{BC5771D3-DD83-4A3B-B845-6AFD21B69951}.Release|Any CPU.Build.0 = Release|Any CPU
	EndGlobalSection
	GlobalSection(SolutionProperties) = preSolution
		HideSolutionNode = FALSE
	EndGlobalSection
	GlobalSection(ExtensibilityGlobals) = postSolution
		SolutionGuid = {CAFF907D-9B14-4751-B390-8543371B6632}
	EndGlobalSection
EndGlobal
